
Microsoft Visual Studio Solution File, Format Version 10.00
# Visual Studio 2008
Project("{FAE04EC0-301F-11D3-BF4B-00C04F79EFBC}") = "CADDLLDemoASP", "CADDLLDemoASP.csproj", "{D033F770-1AB9-424B-94BD-ACEBD1F83DA4}"
EndProject
Global
	GlobalSection(SolutionConfigurationPlatforms) = preSolution
		Debug|Any CPU = Debug|Any CPU
		Release|Any CPU = Release|Any CPU
	EndGlobalSection
	GlobalSection(ProjectConfigurationPlatforms) = postSolution
		{D033F770-1AB9-424B-94BD-ACEBD1F83DA4}.Debug|Any CPU.ActiveCfg = Debug|Any CPU
		{D033F770-1AB9-424B-94BD-ACEBD1F83DA4}.Debug|Any CPU.Build.0 = Debug|Any CPU
		{D033F770-1AB9-424B-94BD-ACEBD1F83DA4}.Release|Any CPU.ActiveCfg = Release|Any CPU
		{D033F770-1AB9-424B-94BD-ACEBD1F83DA4}.Release|Any CPU.Build.0 = Release|Any CPU
	EndGlobalSection
	GlobalSection(SolutionProperties) = preSolution
		HideSolutionNode = FALSE
	EndGlobalSection
EndGlobal
