<?xml version="1.0" encoding="utf-8"?>
<Project xmlns="http://schemas.microsoft.com/developer/msbuild/2003">
  <PropertyGroup>
    <ProjectGuid>{5cdc6427-c3e2-4bb8-9c8a-0704005289d0}</ProjectGuid>
    <MainSource>Ms3.dpr</MainSource>
    <Configuration Condition=" '$(Configuration)' == '' ">Debug</Configuration>
    <Platform Condition=" '$(Platform)' == '' ">AnyCPU</Platform>
    <DCC_DCCCompiler>DCC32</DCC_DCCCompiler>
    <DCC_DependencyCheckOutputName>Exe\Debug\Exe\Ms3.exe</DCC_DependencyCheckOutputName>
  </PropertyGroup>
  <PropertyGroup Condition=" '$(Configuration)|$(Platform)' == 'Release|AnyCPU' ">
    <Version>7.0</Version>
    <DCC_DebugInformation>False</DCC_DebugInformation>
    <DCC_LocalDebugSymbols>False</DCC_LocalDebugSymbols>
    <DCC_IntegerOverflowCheck>True</DCC_IntegerOverflowCheck>
    <DCC_RangeChecking>True</DCC_RangeChecking>
    <DCC_SymbolReferenceInfo>0</DCC_SymbolReferenceInfo>
    <DCC_MapFile>3</DCC_MapFile>
    <DCC_ExeOutput>.\Exe\Release\Exe</DCC_ExeOutput>
    <DCC_DcuOutput>.\Exe\Release\Dcu</DCC_DcuOutput>
    <DCC_ObjOutput>.\Exe\Release\Dcu</DCC_ObjOutput>
    <DCC_HppOutput>.\Exe\Release\Dcu</DCC_HppOutput>
    <DCC_UnitSearchPath>.\Release\Dcu;C:\Projects\kis\Components\EzGIS\bin\Release\Dcu;C:\Projects\kis\Components\EzGIS\Res;C:\Projects\kis\Components\ECWCompress\bin\Release\Dcu;C:\Projects\Components\jvcl\dcu</DCC_UnitSearchPath>
    <DCC_ResourcePath>.\Release\Dcu;C:\Projects\kis\Components\EzGIS\bin\Release\Dcu;C:\Projects\kis\Components\EzGIS\Res;C:\Projects\kis\Components\ECWCompress\bin\Release\Dcu;C:\Projects\Components\jvcl\dcu</DCC_ResourcePath>
    <DCC_ObjPath>.\Release\Dcu;C:\Projects\kis\Components\EzGIS\bin\Release\Dcu;C:\Projects\kis\Components\EzGIS\Res;C:\Projects\kis\Components\ECWCompress\bin\Release\Dcu;C:\Projects\Components\jvcl\dcu</DCC_ObjPath>
    <DCC_IncludePath>.\Release\Dcu;C:\Projects\kis\Components\EzGIS\bin\Release\Dcu;C:\Projects\kis\Components\EzGIS\Res;C:\Projects\kis\Components\ECWCompress\bin\Release\Dcu;C:\Projects\Components\jvcl\dcu</DCC_IncludePath>
    <DCC_Define>RELEASE</DCC_Define>
    <DCC_UNSAFE_TYPE>True</DCC_UNSAFE_TYPE>
    <DCC_UNSAFE_CODE>True</DCC_UNSAFE_CODE>
    <DCC_UNSAFE_CAST>True</DCC_UNSAFE_CAST>
    <DCC_GenerateStackFrames>True</DCC_GenerateStackFrames>
  </PropertyGroup>
  <PropertyGroup Condition=" '$(Configuration)|$(Platform)' == 'Debug|AnyCPU' ">
    <Version>7.0</Version>
    <DCC_Optimize>False</DCC_Optimize>
    <DCC_IntegerOverflowCheck>True</DCC_IntegerOverflowCheck>
    <DCC_RangeChecking>True</DCC_RangeChecking>
    <DCC_GenerateStackFrames>True</DCC_GenerateStackFrames>
    <DCC_MapFile>3</DCC_MapFile>
    <DCC_ExeOutput>.\Exe\Debug\Exe</DCC_ExeOutput>
    <DCC_DcuOutput>.\Exe\Debug\Dcu</DCC_DcuOutput>
    <DCC_ObjOutput>.\Exe\Debug\Dcu</DCC_ObjOutput>
    <DCC_HppOutput>.\Exe\Debug\Dcu</DCC_HppOutput>
    <DCC_Define>DEBUG</DCC_Define>
    <DCC_UNSAFE_TYPE>True</DCC_UNSAFE_TYPE>
    <DCC_UNSAFE_CODE>True</DCC_UNSAFE_CODE>
    <DCC_UNSAFE_CAST>True</DCC_UNSAFE_CAST>
    <DCC_UnitSearchPath>C:\Projects\kis\Components\EzGIS\bin\Debug\Dcu;C:\Projects\kis\Components\EzGIS\Res;C:\Projects\kis\Components\ECWCompress\bin\Debug\Dcu;C:\Projects\kis\kis\Dcu;C:\Projects\kis\shared\Dcu;C:\Projects\kis\shared\Res</DCC_UnitSearchPath>
    <DCC_ResourcePath>C:\Projects\kis\Components\EzGIS\bin\Debug\Dcu;C:\Projects\kis\Components\EzGIS\Res;C:\Projects\kis\Components\ECWCompress\bin\Debug\Dcu;C:\Projects\kis\kis\Dcu;C:\Projects\kis\shared\Dcu;C:\Projects\kis\shared\Res</DCC_ResourcePath>
    <DCC_ObjPath>C:\Projects\kis\Components\EzGIS\bin\Debug\Dcu;C:\Projects\kis\Components\EzGIS\Res;C:\Projects\kis\Components\ECWCompress\bin\Debug\Dcu;C:\Projects\kis\kis\Dcu;C:\Projects\kis\shared\Dcu;C:\Projects\kis\shared\Res</DCC_ObjPath>
    <DCC_IncludePath>C:\Projects\kis\Components\EzGIS\bin\Debug\Dcu;C:\Projects\kis\Components\EzGIS\Res;C:\Projects\kis\Components\ECWCompress\bin\Debug\Dcu;C:\Projects\kis\kis\Dcu;C:\Projects\kis\shared\Dcu;C:\Projects\kis\shared\Res</DCC_IncludePath>
  </PropertyGroup>
  <ProjectExtensions>
    <Borland.Personality>Delphi.Personality</Borland.Personality>
    <Borland.ProjectType>VCLApplication</Borland.ProjectType>
    <BorlandProject>
<BorlandProject><Delphi.Personality><Parameters><Parameters Name="UseLauncher">False</Parameters><Parameters Name="LoadAllSymbols">True</Parameters><Parameters Name="LoadUnspecifiedSymbols">False</Parameters><Parameters Name="RunParams">-nosplash</Parameters><Parameters Name="DebugSourceDirs">C:\Projects\kis\Components\EzGIS\Source\</Parameters></Parameters><Language><Language Name="RootDir">C:\Program Files\Borland\Delphi6\Bin\</Language></Language><VersionInfo><VersionInfo Name="IncludeVerInfo">True</VersionInfo><VersionInfo Name="AutoIncBuild">True</VersionInfo><VersionInfo Name="MajorVer">3</VersionInfo><VersionInfo Name="MinorVer">1</VersionInfo><VersionInfo Name="Release">45</VersionInfo><VersionInfo Name="Build">351</VersionInfo><VersionInfo Name="Debug">False</VersionInfo><VersionInfo Name="PreRelease">False</VersionInfo><VersionInfo Name="Special">False</VersionInfo><VersionInfo Name="Private">False</VersionInfo><VersionInfo Name="DLL">False</VersionInfo><VersionInfo Name="Locale">1049</VersionInfo><VersionInfo Name="CodePage">1251</VersionInfo></VersionInfo><VersionInfoKeys><VersionInfoKeys Name="CompanyName">МП УГА</VersionInfoKeys><VersionInfoKeys Name="FileDescription">Планшетохранилище</VersionInfoKeys><VersionInfoKeys Name="FileVersion">3.1.45.351</VersionInfoKeys><VersionInfoKeys Name="InternalName"></VersionInfoKeys><VersionInfoKeys Name="LegalCopyright"></VersionInfoKeys><VersionInfoKeys Name="LegalTrademarks"></VersionInfoKeys><VersionInfoKeys Name="OriginalFilename">Ms3.exe</VersionInfoKeys><VersionInfoKeys Name="ProductName">Планшетохранилище</VersionInfoKeys><VersionInfoKeys Name="ProductVersion">3.0</VersionInfoKeys></VersionInfoKeys><Source><Source Name="MainSource">Ms3.dpr</Source></Source><Excluded_Packages>
      <Excluded_Packages Name="$(BDS)\bin\dcloffice2k100.bpl">Microsoft Office 2000 Sample Automation Server Wrapper Components</Excluded_Packages>
      <Excluded_Packages Name="$(BDS)\bin\dclofficexp100.bpl">Microsoft Office XP Sample Automation Server Wrapper Components</Excluded_Packages>
    </Excluded_Packages></Delphi.Personality><ModelSupport>False</ModelSupport></BorlandProject></BorlandProject>
  </ProjectExtensions>
  <Import Project="$(MSBuildBinPath)\Borland.Delphi.Targets" />
  <ItemGroup>
    <DelphiCompile Include="Ms3.dpr">
      <MainSource>MainSource</MainSource>
    </DelphiCompile>
    <DCCReference Include="Source\FindDlg.pas" />
    <DCCReference Include="Source\Gdip\GdipApi.pas" />
    <DCCReference Include="Source\Gdip\GdipClass.pas" />
    <DCCReference Include="Source\Gdip\GdipUtils.pas" />
    <DCCReference Include="Source\uMStClassesLots.pas" />
    <DCCReference Include="Source\uMStClassesMasterPlan.pas" />
    <DCCReference Include="Source\uMStClassesMPClassif.pas" />
    <DCCReference Include="Source\uMStClassesMPIntf.pas" />
    <DCCReference Include="Source\uMStClassesMPIntf.pasy" />
    <DCCReference Include="Source\uMStClassesMPMIFExport.pas" />
    <DCCReference Include="Source\uMStClassesMPObjectAdapter.pas" />
    <DCCReference Include="Source\uMStClassesMPStatuses.pas" />
    <DCCReference Include="Source\uMStClassesOrderArraySort.pas" />
    <DCCReference Include="Source\uMStClassesProjects.pas" />
    <DCCReference Include="Source\uMStClassesProjectsBrowser.pas" />
    <DCCReference Include="Source\uMStClassesProjectsBrowserMP.pas" />
    <DCCReference Include="Source\uMStClassesProjectsEz.pas" />
    <DCCReference Include="Source\uMStClassesProjectsMIFExport.pas" />
    <DCCReference Include="Source\uMStClassesProjectsMP.pas" />
    <DCCReference Include="Source\uMStClassesProjectsMPIntersect.pas" />
    <DCCReference Include="Source\uMStClassesProjectsSearch.pas" />
    <DCCReference Include="Source\uMStClassesProjectsUtils.pas" />
    <DCCReference Include="Source\uMStClassesWatermarkDraw.pas" />
    <DCCReference Include="Source\uMStConsts.pas" />
    <DCCReference Include="Source\uMStDialogAddress.pas">
      <Form>mstAddressForm</Form>
    </DCCReference>
    <DCCReference Include="Source\uMStDialogBufferZoneWidth.pas">
      <Form>mstZoneWidthDialog</Form>
    </DCCReference>
    <DCCReference Include="Source\uMStDialogCertifNumber.pas">
      <Form>mstMPCertifDialog</Form>
    </DCCReference>
    <DCCReference Include="Source\uMStDialogDxfImport.pas">
      <Form>MStDxfImportDialog</Form>
    </DCCReference>
    <DCCReference Include="Source\uMStDialogDxfImportOptions.pas">
      <Form>Form2</Form>
    </DCCReference>
    <DCCReference Include="Source\uMstDialogEditMPObjSemantics.pas">
      <Form>mstEditMPObjSemanticsDialog</Form>
    </DCCReference>
    <DCCReference Include="Source\uMStDialogEditProject.pas">
      <Form>mstEditProjectDialog</Form>
    </DCCReference>
    <DCCReference Include="Source\uMStDialogEditProjectMP.pas">
      <Form>mstEditProjectMPDialog</Form>
    </DCCReference>
    <DCCReference Include="Source\uMstDialogFactory.pas" />
    <DCCReference Include="Source\uMStDialogImportLayer.pas">
      <Form>MstDialogImportLayerForm</Form>
    </DCCReference>
    <DCCReference Include="Source\uMStDialogImportMPfromExcel.pas">
      <Form>mstMPExcelDialogForm</Form>
    </DCCReference>
    <DCCReference Include="Source\uMStDialogLines.pas">
      <Form>mstDialogLines</Form>
    </DCCReference>
    <DCCReference Include="Source\uMStDialogLogin.pas">
      <Form>RegForm</Form>
    </DCCReference>
    <DCCReference Include="Source\uMStDialogMissingLayers.pas">
      <Form>MStMissingLayersDialog</Form>
    </DCCReference>
    <DCCReference Include="Source\uMStDialogMPBrowserFilter.pas">
      <Form>mstMPBrowserFilterDialog</Form>
    </DCCReference>
    <DCCReference Include="Source\uMStDialogMPClass.pas">
      <Form>mstMPClassDialog</Form>
    </DCCReference>
    <DCCReference Include="Source\uMStDialogMPIntersections.pas">
      <Form>MStMPIntersectionsDialog</Form>
    </DCCReference>
    <DCCReference Include="Source\uMStDialogMPLineColors.pas">
      <Form>mstMPLineColorsDialog</Form>
    </DCCReference>
    <DCCReference Include="Source\uMStDialogMPObjectSemantics.pas">
      <Form>mstEditMPObjectSemanticsDialog</Form>
    </DCCReference>
    <DCCReference Include="Source\uMStDialogNomenclature.pas">
      <Form>mstNomenclatureForm</Form>
    </DCCReference>
    <DCCReference Include="Source\uMStDialogPoint.pas">
      <Form>mstPointForm</Form>
    </DCCReference>
    <DCCReference Include="Source\uMStDialogPointSize.pas">
      <Form>mstDialogPointSize</Form>
    </DCCReference>
    <DCCReference Include="Source\uMStDialogPrint.pas">
      <Form>mstDialogPrint</Form>
    </DCCReference>
    <DCCReference Include="Source\uMStDialogProjectsBrowserFilter.pas">
      <Form>mstProjectBrowserFilterDialog</Form>
    </DCCReference>
    <DCCReference Include="Source\uMStDialogScale.pas">
      <Form>mstScaleDialogForm</Form>
    </DCCReference>
    <DCCReference Include="Source\uMStDialogSelectOrg.pas">
      <Form>mstSelectOrgDialog</Form>
    </DCCReference>
    <DCCReference Include="Source\uMStFormCoordTableSettingsEditor.pas">
      <Form>mstCoordTableSettingsEditor</Form>
    </DCCReference>
    <DCCReference Include="Source\uMStFormImportProgress.pas">
      <Form>MStImportProgressForm</Form>
    </DCCReference>
    <DCCReference Include="Source\uMStFormLayerBrowser.pas">
      <Form>MStLayerBrowserForm</Form>
    </DCCReference>
    <DCCReference Include="Source\uMStFormLayers.pas">
      <Form>MStFormLayers</Form>
    </DCCReference>
    <DCCReference Include="Source\uMStFormLoadLotProgress.pas">
      <Form>mstLoadLotProgressForm</Form>
    </DCCReference>
    <DCCReference Include="Source\uMStFormLotProperties.pas">
      <Form>mstLotPropertiesForm</Form>
    </DCCReference>
    <DCCReference Include="Source\uMStFormMain.pas">
      <Form>mstClientMainForm</Form>
    </DCCReference>
    <DCCReference Include="Source\uMStFormMapImages.pas">
      <Form>mstFormMapImages</Form>
    </DCCReference>
    <DCCReference Include="Source\uMStFormMeasureResult.pas">
      <Form>frmMeasureResult</Form>
    </DCCReference>
    <DCCReference Include="Source\uMStFormMPBrowser.pas">
      <Form>mstMPBrowserForm</Form>
    </DCCReference>
    <DCCReference Include="Source\uMStFormMPClassSettings.pas">
      <Form>mstMPClassSettingsForm</Form>
    </DCCReference>
    <DCCReference Include="Source\uMStFormOrderList.pas">
      <Form>mstOrderListForm</Form>
    </DCCReference>
    <DCCReference Include="Source\uMStFormPrintStats.pas">
      <Form>mstPrintStatsForm</Form>
    </DCCReference>
    <DCCReference Include="Source\uMStFormProjectBrowser.pas">
      <Form>MStProjectBrowserForm</Form>
    </DCCReference>
    <DCCReference Include="Source\uMStFormReportTable.pas">
      <Form>mstFormReportTable</Form>
    </DCCReference>
    <DCCReference Include="Source\uMStFormRichTextEditor.pas">
      <Form>frmEzRichTextEditor</Form>
    </DCCReference>
    <DCCReference Include="Source\uMStFormSplash.pas">
      <Form>mstSplashForm</Form>
    </DCCReference>
    <DCCReference Include="Source\uMStFramesMPIntersectItem.pas">
      <Form>mstMPIntersectItemFrame</Form>
      <DesignClass>TFrame</DesignClass>
    </DCCReference>
    <DCCReference Include="Source\uMStGISEzActions.pas" />
    <DCCReference Include="Source\uMStImport.pas" />
    <DCCReference Include="Source\uMStImportDbImporter.pas" />
    <DCCReference Include="Source\uMStImportEzClasses.pas" />
    <DCCReference Include="Source\uMStImportEzLotLoaders.pas" />
    <DCCReference Include="Source\uMstImportFactory.pas" />
    <DCCReference Include="Source\uMstImportMidMif.pas" />
    <DCCReference Include="Source\uMstImportMifBase.pas" />
    <DCCReference Include="Source\uMStImportMifEntityLoaders.pas" />
    <DCCReference Include="Source\uMStKernelAppModule.pas" />
    <DCCReference Include="Source\uMStKernelAppSettings.pas" />
    <DCCReference Include="Source\uMStKernelClasses.pas" />
    <DCCReference Include="Source\uMStKernelClassesOptions.pas" />
    <DCCReference Include="Source\uMStKernelClassesPropertiesViewers.pas" />
    <DCCReference Include="Source\uMStKernelClassesQueryIndex.pas" />
    <DCCReference Include="Source\uMStKernelClassesSearch.pas" />
    <DCCReference Include="Source\uMStKernelClassesSelection.pas" />
    <DCCReference Include="Source\uMStKernelConsts.pas" />
    <DCCReference Include="Source\uMStKernelGISUtils.pas" />
    <DCCReference Include="Source\uMStKernelIBX.pas" />
    <DCCReference Include="Source\uMStKernelIBXLotLoader.pas" />
    <DCCReference Include="Source\uMStKernelInterfaces.pas" />
    <DCCReference Include="Source\uMStKernelSemantic.pas" />
    <DCCReference Include="Source\uMStKernelStack.pas" />
    <DCCReference Include="Source\uMStKernelStackConsts.pas" />
    <DCCReference Include="Source\uMStKernelStackUtils.pas" />
    <DCCReference Include="Source\uMStKernelTypes.pas" />
    <DCCReference Include="Source\uMStModuleApp.pas">
      <Form>MStClientAppModule</Form>
      <DesignClass>TDataModule</DesignClass>
    </DCCReference>
    <DCCReference Include="Source\uMStModuleDefaultActions.pas">
      <Form>mstDefaultActionsModule</Form>
      <DesignClass>TDataModule</DesignClass>
    </DCCReference>
    <DCCReference Include="Source\uMStModuleGlobalParameters.pas">
      <Form>mstParametersModule</Form>
      <DesignClass>TDataModule</DesignClass>
    </DCCReference>
    <DCCReference Include="Source\uMStModuleLotData.pas">
      <Form>mstLotDataModule</Form>
      <DesignClass>TDataModule</DesignClass>
    </DCCReference>
    <DCCReference Include="Source\uMStModuleMapMngrIBX.pas">
      <Form>MStIBXMapMngr</Form>
      <DesignClass>TDataModule</DesignClass>
    </DCCReference>
    <DCCReference Include="Source\uMStModuleMasterPlan.pas">
      <Form>mstMasterPlanModule</Form>
      <DesignClass>TDataModule</DesignClass>
    </DCCReference>
    <DCCReference Include="Source\uMStModuleMPImportExcel.pas">
      <Form>mstMPImportExcelModule</Form>
      <DesignClass>TDataModule</DesignClass>
    </DCCReference>
    <DCCReference Include="Source\uMStModuleOrders.pas">
      <Form>mstOrdersDataModule</Form>
      <DesignClass>TDataModule</DesignClass>
    </DCCReference>
    <DCCReference Include="Source\uMStModulePrint.pas">
      <Form>mstPrintModule</Form>
      <DesignClass>TDataModule</DesignClass>
    </DCCReference>
    <DCCReference Include="Source\uMStModuleProjectImport.pas">
      <Form>mstProjectImportModule</Form>
      <DesignClass>TDataModule</DesignClass>
    </DCCReference>
    <DCCReference Include="Source\uMStModuleStats.pas">
      <Form>mstStatDataModule</Form>
      <DesignClass>TDataModule</DesignClass>
    </DCCReference>
    <DCCReference Include="Source\uMStProjectLoaders.pas" />
  </ItemGroup>
</Project>